
Microsoft Visual Studio Solution File, Format Version 12.00
# Visual Studio Version 16
VisualStudioVersion = 16.0.31729.503
MinimumVisualStudioVersion = 10.0.40219.1
Project("{FAE04EC0-301F-11D3-BF4B-00C04F79EFBC}") = "efDemo_Project", "efDemo_Project\efDemo_Project.csproj", "{EB13B90D-C60F-41DD-AAEB-48167E3CA2E5}"
EndProject
Project("{FAE04EC0-301F-11D3-BF4B-00C04F79EFBC}") = "Model", "Model\Model.csproj", "{41A3D85F-8ED9-4889-AF55-91C8494457BD}"
EndProject
Global
	GlobalSection(SolutionConfigurationPlatforms) = preSolution
		Debug|Any CPU = Debug|Any CPU
		Release|Any CPU = Release|Any CPU
	EndGlobalSection
	GlobalSection(ProjectConfigurationPlatforms) = postSolution
		{EB13B90D-C60F-41DD-AAEB-48167E3CA2E5}.Debug|Any CPU.ActiveCfg = Debug|Any CPU
		{EB13B90D-C60F-41DD-AAEB-48167E3CA2E5}.Debug|Any CPU.Build.0 = Debug|Any CPU
		{EB13B90D-C60F-41DD-AAEB-48167E3CA2E5}.Release|Any CPU.ActiveCfg = Release|Any CPU
		{EB13B90D-C60F-41DD-AAEB-48167E3CA2E5}.Release|Any CPU.Build.0 = Release|Any CPU
		{41A3D85F-8ED9-4889-AF55-91C8494457BD}.Debug|Any CPU.ActiveCfg = Debug|Any CPU
		{41A3D85F-8ED9-4889-AF55-91C8494457BD}.Debug|Any CPU.Build.0 = Debug|Any CPU
		{41A3D85F-8ED9-4889-AF55-91C8494457BD}.Release|Any CPU.ActiveCfg = Release|Any CPU
		{41A3D85F-8ED9-4889-AF55-91C8494457BD}.Release|Any CPU.Build.0 = Release|Any CPU
	EndGlobalSection
	GlobalSection(SolutionProperties) = preSolution
		HideSolutionNode = FALSE
	EndGlobalSection
	GlobalSection(ExtensibilityGlobals) = postSolution
		SolutionGuid = {DF078FF5-0CCA-4E1D-81D0-71E16F894A74}
	EndGlobalSection
EndGlobal
